
Microsoft Visual Studio Solution File, Format Version 12.00
# Visual Studio Version 17
VisualStudioVersion = 17.10.35027.167
MinimumVisualStudioVersion = 10.0.40219.1
Project("{9A19103F-16F7-4668-BE54-9A1E7A4F7556}") = "Timesheet.API", "Timesheet.API\Timesheet.API.csproj", "{F17119CE-3662-44E1-A45B-31099632A7E7}"
EndProject
Project("{9A19103F-16F7-4668-BE54-9A1E7A4F7556}") = "Timesheet.Application", "Timesheet.Application\Timesheet.Application.csproj", "{1F75A51D-C2D6-44F3-AB31-7A29BDC7FF26}"
EndProject
Project("{9A19103F-16F7-4668-BE54-9A1E7A4F7556}") = "Timesheet.Domain", "Timesheet.Domain\Timesheet.Domain.csproj", "{325D83A3-2949-47BC-96E2-D4AADE71AAE9}"
EndProject
Global
	GlobalSection(SolutionConfigurationPlatforms) = preSolution
		Debug|Any CPU = Debug|Any CPU
		Release|Any CPU = Release|Any CPU
	EndGlobalSection
	GlobalSection(ProjectConfigurationPlatforms) = postSolution
		{F17119CE-3662-44E1-A45B-31099632A7E7}.Debug|Any CPU.ActiveCfg = Debug|Any CPU
		{F17119CE-3662-44E1-A45B-31099632A7E7}.Debug|Any CPU.Build.0 = Debug|Any CPU
		{F17119CE-3662-44E1-A45B-31099632A7E7}.Release|Any CPU.ActiveCfg = Release|Any CPU
		{F17119CE-3662-44E1-A45B-31099632A7E7}.Release|Any CPU.Build.0 = Release|Any CPU
		{1F75A51D-C2D6-44F3-AB31-7A29BDC7FF26}.Debug|Any CPU.ActiveCfg = Debug|Any CPU
		{1F75A51D-C2D6-44F3-AB31-7A29BDC7FF26}.Debug|Any CPU.Build.0 = Debug|Any CPU
		{1F75A51D-C2D6-44F3-AB31-7A29BDC7FF26}.Release|Any CPU.ActiveCfg = Release|Any CPU
		{1F75A51D-C2D6-44F3-AB31-7A29BDC7FF26}.Release|Any CPU.Build.0 = Release|Any CPU
		{325D83A3-2949-47BC-96E2-D4AADE71AAE9}.Debug|Any CPU.ActiveCfg = Debug|Any CPU
		{325D83A3-2949-47BC-96E2-D4AADE71AAE9}.Debug|Any CPU.Build.0 = Debug|Any CPU
		{325D83A3-2949-47BC-96E2-D4AADE71AAE9}.Release|Any CPU.ActiveCfg = Release|Any CPU
		{325D83A3-2949-47BC-96E2-D4AADE71AAE9}.Release|Any CPU.Build.0 = Release|Any CPU
	EndGlobalSection
	GlobalSection(SolutionProperties) = preSolution
		HideSolutionNode = FALSE
	EndGlobalSection
	GlobalSection(ExtensibilityGlobals) = postSolution
		SolutionGuid = {0DBE8F01-EBA7-4786-BD5E-2D01E74FE28F}
	EndGlobalSection
EndGlobal
